
Microsoft Visual Studio Solution File, Format Version 12.00
# Visual Studio Version 16
VisualStudioVersion = 16.0.31229.75
MinimumVisualStudioVersion = 10.0.40219.1
Project("{9A19103F-16F7-4668-BE54-9A1E7A4F7556}") = "Instakilogram", "Instakilogram.csproj", "{840B457E-7C88-42CC-BA69-C4BC39F925F8}"
EndProject
Global
	GlobalSection(SolutionConfigurationPlatforms) = preSolution
		Debug|Any CPU = Debug|Any CPU
		Release|Any CPU = Release|Any CPU
	EndGlobalSection
	GlobalSection(ProjectConfigurationPlatforms) = postSolution
		{840B457E-7C88-42CC-BA69-C4BC39F925F8}.Debug|Any CPU.ActiveCfg = Debug|Any CPU
		{840B457E-7C88-42CC-BA69-C4BC39F925F8}.Debug|Any CPU.Build.0 = Debug|Any CPU
		{840B457E-7C88-42CC-BA69-C4BC39F925F8}.Release|Any CPU.ActiveCfg = Release|Any CPU
		{840B457E-7C88-42CC-BA69-C4BC39F925F8}.Release|Any CPU.Build.0 = Release|Any CPU
	EndGlobalSection
	GlobalSection(SolutionProperties) = preSolution
		HideSolutionNode = FALSE
	EndGlobalSection
	GlobalSection(ExtensibilityGlobals) = postSolution
		SolutionGuid = {D6DD08BB-B6EE-4826-B5DA-2E85F1192DA8}
	EndGlobalSection
EndGlobal
